
Microsoft Visual Studio Solution File, Format Version 12.00
# Visual Studio Version 17
VisualStudioVersion = 17.3.32929.385
MinimumVisualStudioVersion = 10.0.40219.1
Project("{888888A0-9F3D-457C-B088-3A5042F75D52}") = "wojna", "wojna.pyproj", "{FCC406D1-E843-4BC4-BF55-F86F4F3BC71F}"
EndProject
Global
	GlobalSection(SolutionConfigurationPlatforms) = preSolution
		Debug|Any CPU = Debug|Any CPU
		Release|Any CPU = Release|Any CPU
	EndGlobalSection
	GlobalSection(ProjectConfigurationPlatforms) = postSolution
		{FCC406D1-E843-4BC4-BF55-F86F4F3BC71F}.Debug|Any CPU.ActiveCfg = Debug|Any CPU
		{FCC406D1-E843-4BC4-BF55-F86F4F3BC71F}.Release|Any CPU.ActiveCfg = Release|Any CPU
	EndGlobalSection
	GlobalSection(SolutionProperties) = preSolution
		HideSolutionNode = FALSE
	EndGlobalSection
	GlobalSection(ExtensibilityGlobals) = postSolution
		SolutionGuid = {BD6C3D57-F4DD-4580-BEDB-4C79095B6577}
	EndGlobalSection
EndGlobal
